
Microsoft Visual Studio Solution File, Format Version 12.00
# Visual Studio Version 17
VisualStudioVersion = 17.5.002.0
MinimumVisualStudioVersion = 10.0.40219.1
Project("{9A19103F-16F7-4668-BE54-9A1E7A4F7556}") = "25 ExeptionHandling", "25 ExeptionHandling.csproj", "{A918109C-4AFD-44D3-8CE9-E96D4EA8E408}"
EndProject
Global
	GlobalSection(SolutionConfigurationPlatforms) = preSolution
		Debug|Any CPU = Debug|Any CPU
		Release|Any CPU = Release|Any CPU
	EndGlobalSection
	GlobalSection(ProjectConfigurationPlatforms) = postSolution
		{A918109C-4AFD-44D3-8CE9-E96D4EA8E408}.Debug|Any CPU.ActiveCfg = Debug|Any CPU
		{A918109C-4AFD-44D3-8CE9-E96D4EA8E408}.Debug|Any CPU.Build.0 = Debug|Any CPU
		{A918109C-4AFD-44D3-8CE9-E96D4EA8E408}.Release|Any CPU.ActiveCfg = Release|Any CPU
		{A918109C-4AFD-44D3-8CE9-E96D4EA8E408}.Release|Any CPU.Build.0 = Release|Any CPU
	EndGlobalSection
	GlobalSection(SolutionProperties) = preSolution
		HideSolutionNode = FALSE
	EndGlobalSection
	GlobalSection(ExtensibilityGlobals) = postSolution
		SolutionGuid = {643D553B-18DA-4694-AD0D-A083CD6F4C6D}
	EndGlobalSection
EndGlobal
